<Solution>
  <Configurations>
    <BuildType Name="Debug" />
    <BuildType Name="Debug_Unpackaged" />
    <BuildType Name="Release" />
    <BuildType Name="Release_AOT" />
    <BuildType Name="Release_Unpackaged" />
    <BuildType Name="Release_Unpackaged_AOT" />
    <Platform Name="ARM64" />
    <Platform Name="x64" />
    <Platform Name="x86" />
  </Configurations>
  <Project Path="BitInspectorTabo/BitInspectorTabo.csproj">
    <Platform Solution="*|ARM64" Project="ARM64" />
    <Platform Solution="*|x64" Project="x64" />
    <Platform Solution="*|x86" Project="x86" />
    <Deploy />
  </Project>
  <Project Path="BitInspectorTaboWebsite/BitInspectorTaboWebsite.csproj" Id="bd0de0bb-c434-4cd7-9e95-10031e948a6f">
    <BuildType Solution="Debug_Unpackaged|*" Project="Debug" />
    <BuildType Solution="Release_AOT|*" Project="Release" />
    <BuildType Solution="Release_Unpackaged_AOT|*" Project="Release" />
    <BuildType Solution="Release_Unpackaged|*" Project="Release" />
  </Project>
</Solution>
